
Microsoft Visual Studio Solution File, Format Version 12.00
# Visual Studio Version 17
VisualStudioVersion = 17.13.35507.96 d17.13
MinimumVisualStudioVersion = 10.0.40219.1
Project("{FAE04EC0-301F-11D3-BF4B-00C04F79EFBC}") = "VisionAI", "VisionAI\VisionAI.csproj", "{C88AD3C9-C521-8D9D-7F93-31233EC71C48}"
EndProject
Project("{FAE04EC0-301F-11D3-BF4B-00C04F79EFBC}") = "VisionAI.AppHost", "VisionAI.AppHost\VisionAI.AppHost.csproj", "{9DA52E57-4B39-4415-8B39-893F8D40A29E}"
EndProject
Project("{FAE04EC0-301F-11D3-BF4B-00C04F79EFBC}") = "VisionAI.ServiceDefaults", "VisionAI.ServiceDefaults\VisionAI.ServiceDefaults.csproj", "{27FF61E7-D51B-92A7-20E1-2BD1D4E2DD8D}"
EndProject
Global
	GlobalSection(SolutionConfigurationPlatforms) = preSolution
		Debug|Any CPU = Debug|Any CPU
		Release|Any CPU = Release|Any CPU
	EndGlobalSection
	GlobalSection(ProjectConfigurationPlatforms) = postSolution
		{C88AD3C9-C521-8D9D-7F93-31233EC71C48}.Debug|Any CPU.ActiveCfg = Debug|Any CPU
		{C88AD3C9-C521-8D9D-7F93-31233EC71C48}.Debug|Any CPU.Build.0 = Debug|Any CPU
		{C88AD3C9-C521-8D9D-7F93-31233EC71C48}.Release|Any CPU.ActiveCfg = Release|Any CPU
		{C88AD3C9-C521-8D9D-7F93-31233EC71C48}.Release|Any CPU.Build.0 = Release|Any CPU
		{9DA52E57-4B39-4415-8B39-893F8D40A29E}.Debug|Any CPU.ActiveCfg = Debug|Any CPU
		{9DA52E57-4B39-4415-8B39-893F8D40A29E}.Debug|Any CPU.Build.0 = Debug|Any CPU
		{9DA52E57-4B39-4415-8B39-893F8D40A29E}.Release|Any CPU.ActiveCfg = Release|Any CPU
		{9DA52E57-4B39-4415-8B39-893F8D40A29E}.Release|Any CPU.Build.0 = Release|Any CPU
		{27FF61E7-D51B-92A7-20E1-2BD1D4E2DD8D}.Debug|Any CPU.ActiveCfg = Debug|Any CPU
		{27FF61E7-D51B-92A7-20E1-2BD1D4E2DD8D}.Debug|Any CPU.Build.0 = Debug|Any CPU
		{27FF61E7-D51B-92A7-20E1-2BD1D4E2DD8D}.Release|Any CPU.ActiveCfg = Release|Any CPU
		{27FF61E7-D51B-92A7-20E1-2BD1D4E2DD8D}.Release|Any CPU.Build.0 = Release|Any CPU
	EndGlobalSection
	GlobalSection(SolutionProperties) = preSolution
		HideSolutionNode = FALSE
	EndGlobalSection
	GlobalSection(ExtensibilityGlobals) = postSolution
		SolutionGuid = {A391DDCE-946D-4253-AA7E-671B4344BD61}
	EndGlobalSection
EndGlobal
